
Microsoft Visual Studio Solution File, Format Version 12.00
# Visual Studio Version 17
VisualStudioVersion = 17.10.34818.151
MinimumVisualStudioVersion = 10.0.40219.1
Project("{9A19103F-16F7-4668-BE54-9A1E7A4F7556}") = "LocalLibrary", "LocalLibrary.csproj", "{324848A3-E976-4DF3-9FAE-6A19733E627A}"
EndProject
Global
	GlobalSection(SolutionConfigurationPlatforms) = preSolution
		Debug|Any CPU = Debug|Any CPU
		Debug|x64 = Debug|x64
		Release|Any CPU = Release|Any CPU
		Release|x64 = Release|x64
	EndGlobalSection
	GlobalSection(ProjectConfigurationPlatforms) = postSolution
		{324848A3-E976-4DF3-9FAE-6A19733E627A}.Debug|Any CPU.ActiveCfg = Debug|Any CPU
		{324848A3-E976-4DF3-9FAE-6A19733E627A}.Debug|Any CPU.Build.0 = Debug|Any CPU
		{324848A3-E976-4DF3-9FAE-6A19733E627A}.Debug|Any CPU.Deploy.0 = Debug|Any CPU
		{324848A3-E976-4DF3-9FAE-6A19733E627A}.Debug|x64.ActiveCfg = Debug|x64
		{324848A3-E976-4DF3-9FAE-6A19733E627A}.Debug|x64.Build.0 = Debug|x64
		{324848A3-E976-4DF3-9FAE-6A19733E627A}.Debug|x64.Deploy.0 = Debug|x64
		{324848A3-E976-4DF3-9FAE-6A19733E627A}.Release|Any CPU.ActiveCfg = Release|Any CPU
		{324848A3-E976-4DF3-9FAE-6A19733E627A}.Release|Any CPU.Build.0 = Release|Any CPU
		{324848A3-E976-4DF3-9FAE-6A19733E627A}.Release|Any CPU.Deploy.0 = Release|Any CPU
		{324848A3-E976-4DF3-9FAE-6A19733E627A}.Release|x64.ActiveCfg = Release|x64
		{324848A3-E976-4DF3-9FAE-6A19733E627A}.Release|x64.Build.0 = Release|x64
		{324848A3-E976-4DF3-9FAE-6A19733E627A}.Release|x64.Deploy.0 = Release|x64
	EndGlobalSection
	GlobalSection(SolutionProperties) = preSolution
		HideSolutionNode = FALSE
	EndGlobalSection
	GlobalSection(ExtensibilityGlobals) = postSolution
		SolutionGuid = {EBCF18DB-5A3A-4818-AEF5-DCB625FCDB99}
	EndGlobalSection
EndGlobal
