
Microsoft Visual Studio Solution File, Format Version 12.00
# Visual Studio Version 17
VisualStudioVersion = 17.10.34818.151
MinimumVisualStudioVersion = 10.0.40219.1
Project("{FAE04EC0-301F-11D3-BF4B-00C04F79EFBC}") = "LocalLibrary", "LocalLibrary.csproj", "{324848A3-E976-4DF3-9FAE-6A19733E627A}"
EndProject
Global
	GlobalSection(SolutionConfigurationPlatforms) = preSolution
		Debug|Any CPU = Debug|Any CPU
		Release|Any CPU = Release|Any CPU
	EndGlobalSection
	GlobalSection(ProjectConfigurationPlatforms) = postSolution
		{324848A3-E976-4DF3-9FAE-6A19733E627A}.Debug|Any CPU.ActiveCfg = Debug|Any CPU
		{324848A3-E976-4DF3-9FAE-6A19733E627A}.Debug|Any CPU.Build.0 = Debug|Any CPU
		{324848A3-E976-4DF3-9FAE-6A19733E627A}.Debug|Any CPU.Deploy.0 = Debug|Any CPU
		{324848A3-E976-4DF3-9FAE-6A19733E627A}.Release|Any CPU.ActiveCfg = Release|Any CPU
		{324848A3-E976-4DF3-9FAE-6A19733E627A}.Release|Any CPU.Build.0 = Release|Any CPU
		{324848A3-E976-4DF3-9FAE-6A19733E627A}.Release|Any CPU.Deploy.0 = Release|Any CPU
	EndGlobalSection
	GlobalSection(SolutionProperties) = preSolution
		HideSolutionNode = FALSE
	EndGlobalSection
	GlobalSection(ExtensibilityGlobals) = postSolution
		SolutionGuid = {EBCF18DB-5A3A-4818-AEF5-DCB625FCDB99}
	EndGlobalSection
EndGlobal
