
Microsoft Visual Studio Solution File, Format Version 12.00
# Visual Studio Version 17
VisualStudioVersion = 17.10.34804.81
MinimumVisualStudioVersion = 10.0.40219.1
Project("{FAE04EC0-301F-11D3-BF4B-00C04F79EFBC}") = "LocalLibrary", "LocalLibrary.csproj", "{625C84CF-0A6B-4D9D-BFF4-7D42EFE4FE1D}"
EndProject
Global
	GlobalSection(SolutionConfigurationPlatforms) = preSolution
		Debug|Any CPU = Debug|Any CPU
		Release|Any CPU = Release|Any CPU
	EndGlobalSection
	GlobalSection(ProjectConfigurationPlatforms) = postSolution
		{625C84CF-0A6B-4D9D-BFF4-7D42EFE4FE1D}.Debug|Any CPU.ActiveCfg = Debug|Any CPU
		{625C84CF-0A6B-4D9D-BFF4-7D42EFE4FE1D}.Debug|Any CPU.Build.0 = Debug|Any CPU
		{625C84CF-0A6B-4D9D-BFF4-7D42EFE4FE1D}.Debug|Any CPU.Deploy.0 = Debug|Any CPU
		{625C84CF-0A6B-4D9D-BFF4-7D42EFE4FE1D}.Release|Any CPU.ActiveCfg = Release|Any CPU
		{625C84CF-0A6B-4D9D-BFF4-7D42EFE4FE1D}.Release|Any CPU.Build.0 = Release|Any CPU
		{625C84CF-0A6B-4D9D-BFF4-7D42EFE4FE1D}.Release|Any CPU.Deploy.0 = Release|Any CPU
	EndGlobalSection
	GlobalSection(SolutionProperties) = preSolution
		HideSolutionNode = FALSE
	EndGlobalSection
	GlobalSection(ExtensibilityGlobals) = postSolution
		SolutionGuid = {73AB2684-614F-46E1-A619-70471367DD00}
	EndGlobalSection
EndGlobal
